// !$*UTF8*$!
{
	archiveVersion = 1;
	classes = {
	};
	objectVersion = 56;
	objects = {

/* Begin PBXBuildFile section */
		257C728C2C3AE9F80031CCFD /* main.m in Sources */ = {isa = PBXBuildFile; fileRef = 257C728B2C3AE9F80031CCFD /* main.m */; };
		257C72952C3AEA850031CCFD /* MetalAdder.m in Sources */ = {isa = PBXBuildFile; fileRef = 257C72932C3AEA850031CCFD /* MetalAdder.m */; };
		257C72962C3AEA850031CCFD /* metal_Computation.metal in Sources */ = {isa = PBXBuildFile; fileRef = 257C72942C3AEA850031CCFD /* metal_Computation.metal */; };
		257C72992C3AED7D0031CCFD /* CoreGraphics.framework in Frameworks */ = {isa = PBXBuildFile; fileRef = 257C72982C3AED7D0031CCFD /* CoreGraphics.framework */; };
		257C729B2C3AED900031CCFD /* Metal.framework in Frameworks */ = {isa = PBXBuildFile; fileRef = 257C729A2C3AED900031CCFD /* Metal.framework */; };
/* End PBXBuildFile section */

/* Begin PBXCopyFilesBuildPhase section */
		257C72862C3AE9F80031CCFD /* CopyFiles */ = {
			isa = PBXCopyFilesBuildPhase;
			buildActionMask = 2147483647;
			dstPath = /usr/share/man/man1/;
			dstSubfolderSpec = 0;
			files = (
			);
			runOnlyForDeploymentPostprocessing = 1;
		};
/* End PBXCopyFilesBuildPhase section */

/* Begin PBXFileReference section */
		257C72882C3AE9F80031CCFD /* MetalGPGPU */ = {isa = PBXFileReference; explicitFileType = "compiled.mach-o.executable"; includeInIndex = 0; path = MetalGPGPU; sourceTree = BUILT_PRODUCTS_DIR; };
		257C728B2C3AE9F80031CCFD /* main.m */ = {isa = PBXFileReference; lastKnownFileType = sourcecode.c.objc; path = main.m; sourceTree = "<group>"; };
		257C72922C3AEA850031CCFD /* MetalAdder.h */ = {isa = PBXFileReference; fileEncoding = 4; lastKnownFileType = sourcecode.c.h; path = MetalAdder.h; sourceTree = "<group>"; };
		257C72932C3AEA850031CCFD /* MetalAdder.m */ = {isa = PBXFileReference; fileEncoding = 4; lastKnownFileType = sourcecode.c.objc; path = MetalAdder.m; sourceTree = "<group>"; };
		257C72942C3AEA850031CCFD /* metal_Computation.metal */ = {isa = PBXFileReference; fileEncoding = 4; lastKnownFileType = sourcecode.metal; path = metal_Computation.metal; sourceTree = "<group>"; };
		257C72982C3AED7D0031CCFD /* CoreGraphics.framework */ = {isa = PBXFileReference; lastKnownFileType = wrapper.framework; name = CoreGraphics.framework; path = System/Library/Frameworks/CoreGraphics.framework; sourceTree = SDKROOT; };
		257C729A2C3AED900031CCFD /* Metal.framework */ = {isa = PBXFileReference; lastKnownFileType = wrapper.framework; name = Metal.framework; path = System/Library/Frameworks/Metal.framework; sourceTree = SDKROOT; };
/* End PBXFileReference section */

/* Begin PBXFrameworksBuildPhase section */
		257C72852C3AE9F80031CCFD /* Frameworks */ = {
			isa = PBXFrameworksBuildPhase;
			buildActionMask = 2147483647;
			files = (
				257C729B2C3AED900031CCFD /* Metal.framework in Frameworks */,
				257C72992C3AED7D0031CCFD /* CoreGraphics.framework in Frameworks */,
			);
			runOnlyForDeploymentPostprocessing = 0;
		};
/* End PBXFrameworksBuildPhase section */

/* Begin PBXGroup section */
		257C727F2C3AE9F80031CCFD = {
			isa = PBXGroup;
			children = (
				257C728A2C3AE9F80031CCFD /* MetalGPGPU */,
				257C72892C3AE9F80031CCFD /* Products */,
				257C72972C3AED7D0031CCFD /* Frameworks */,
			);
			sourceTree = "<group>";
		};
		257C72892C3AE9F80031CCFD /* Products */ = {
			isa = PBXGroup;
			children = (
				257C72882C3AE9F80031CCFD /* MetalGPGPU */,
			);
			name = Products;
			sourceTree = "<group>";
		};
		257C728A2C3AE9F80031CCFD /* MetalGPGPU */ = {
			isa = PBXGroup;
			children = (
				257C728B2C3AE9F80031CCFD /* main.m */,
				257C72942C3AEA850031CCFD /* metal_Computation.metal */,
				257C72922C3AEA850031CCFD /* MetalAdder.h */,
				257C72932C3AEA850031CCFD /* MetalAdder.m */,
			);
			path = MetalGPGPU;
			sourceTree = "<group>";
		};
		257C72972C3AED7D0031CCFD /* Frameworks */ = {
			isa = PBXGroup;
			children = (
				257C729A2C3AED900031CCFD /* Metal.framework */,
				257C72982C3AED7D0031CCFD /* CoreGraphics.framework */,
			);
			name = Frameworks;
			sourceTree = "<group>";
		};
/* End PBXGroup section */

/* Begin PBXNativeTarget section */
		257C72872C3AE9F80031CCFD /* MetalGPGPU */ = {
			isa = PBXNativeTarget;
			buildConfigurationList = 257C728F2C3AE9F80031CCFD /* Build configuration list for PBXNativeTarget "MetalGPGPU" */;
			buildPhases = (
				257C72842C3AE9F80031CCFD /* Sources */,
				257C72852C3AE9F80031CCFD /* Frameworks */,
				257C72862C3AE9F80031CCFD /* CopyFiles */,
			);
			buildRules = (
			);
			dependencies = (
			);
			name = MetalGPGPU;
			productName = MetalGPGPU;
			productReference = 257C72882C3AE9F80031CCFD /* MetalGPGPU */;
			productType = "com.apple.product-type.tool";
		};
/* End PBXNativeTarget section */

/* Begin PBXProject section */
		257C72802C3AE9F80031CCFD /* Project object */ = {
			isa = PBXProject;
			attributes = {
				BuildIndependentTargetsInParallel = 1;
				LastUpgradeCheck = 1530;
				TargetAttributes = {
					257C72872C3AE9F80031CCFD = {
						CreatedOnToolsVersion = 15.3;
					};
				};
			};
			buildConfigurationList = 257C72832C3AE9F80031CCFD /* Build configuration list for PBXProject "MetalGPGPU" */;
			compatibilityVersion = "Xcode 14.0";
			developmentRegion = en;
			hasScannedForEncodings = 0;
			knownRegions = (
				en,
				Base,
			);
			mainGroup = 257C727F2C3AE9F80031CCFD;
			productRefGroup = 257C72892C3AE9F80031CCFD /* Products */;
			projectDirPath = "";
			projectRoot = "";
			targets = (
				257C72872C3AE9F80031CCFD /* MetalGPGPU */,
			);
		};
/* End PBXProject section */

/* Begin PBXSourcesBuildPhase section */
		257C72842C3AE9F80031CCFD /* Sources */ = {
			isa = PBXSourcesBuildPhase;
			buildActionMask = 2147483647;
			files = (
				257C72952C3AEA850031CCFD /* MetalAdder.m in Sources */,
				257C728C2C3AE9F80031CCFD /* main.m in Sources */,
				257C72962C3AEA850031CCFD /* metal_Computation.metal in Sources */,
			);
			runOnlyForDeploymentPostprocessing = 0;
		};
/* End PBXSourcesBuildPhase section */

/* Begin XCBuildConfiguration section */
		257C728D2C3AE9F80031CCFD /* Debug */ = {
			isa = XCBuildConfiguration;
			buildSettings = {
				ALWAYS_SEARCH_USER_PATHS = NO;
				ASSETCATALOG_COMPILER_GENERATE_SWIFT_ASSET_SYMBOL_EXTENSIONS = YES;
				CLANG_ANALYZER_NONNULL = YES;
				CLANG_ANALYZER_NUMBER_OBJECT_CONVERSION = YES_AGGRESSIVE;
				CLANG_CXX_LANGUAGE_STANDARD = "gnu++20";
				CLANG_ENABLE_MODULES = YES;
				CLANG_ENABLE_OBJC_ARC = YES;
				CLANG_ENABLE_OBJC_WEAK = YES;
				CLANG_WARN_BLOCK_CAPTURE_AUTORELEASING = YES;
				CLANG_WARN_BOOL_CONVERSION = YES;
				CLANG_WARN_COMMA = YES;
				CLANG_WARN_CONSTANT_CONVERSION = YES;
				CLANG_WARN_DEPRECATED_OBJC_IMPLEMENTATIONS = YES;
				CLANG_WARN_DIRECT_OBJC_ISA_USAGE = YES_ERROR;
				CLANG_WARN_DOCUMENTATION_COMMENTS = YES;
				CLANG_WARN_EMPTY_BODY = YES;
				CLANG_WARN_ENUM_CONVERSION = YES;
				CLANG_WARN_INFINITE_RECURSION = YES;
				CLANG_WARN_INT_CONVERSION = YES;
				CLANG_WARN_NON_LITERAL_NULL_CONVERSION = YES;
				CLANG_WARN_OBJC_IMPLICIT_RETAIN_SELF = YES;
				CLANG_WARN_OBJC_LITERAL_CONVERSION = YES;
				CLANG_WARN_OBJC_ROOT_CLASS = YES_ERROR;
				CLANG_WARN_QUOTED_INCLUDE_IN_FRAMEWORK_HEADER = YES;
				CLANG_WARN_RANGE_LOOP_ANALYSIS = YES;
				CLANG_WARN_STRICT_PROTOTYPES = YES;
				CLANG_WARN_SUSPICIOUS_MOVE = YES;
				CLANG_WARN_UNGUARDED_AVAILABILITY = YES_AGGRESSIVE;
				CLANG_WARN_UNREACHABLE_CODE = YES;
				CLANG_WARN__DUPLICATE_METHOD_MATCH = YES;
				COPY_PHASE_STRIP = NO;
				DEBUG_INFORMATION_FORMAT = dwarf;
				ENABLE_STRICT_OBJC_MSGSEND = YES;
				ENABLE_TESTABILITY = YES;
				ENABLE_USER_SCRIPT_SANDBOXING = YES;
				GCC_C_LANGUAGE_STANDARD = gnu17;
				GCC_DYNAMIC_NO_PIC = NO;
				GCC_NO_COMMON_BLOCKS = YES;
				GCC_OPTIMIZATION_LEVEL = 0;
				GCC_PREPROCESSOR_DEFINITIONS = (
					"DEBUG=1",
					"$(inherited)",
				);
				GCC_WARN_64_TO_32_BIT_CONVERSION = YES;
				GCC_WARN_ABOUT_RETURN_TYPE = YES_ERROR;
				GCC_WARN_UNDECLARED_SELECTOR = YES;
				GCC_WARN_UNINITIALIZED_AUTOS = YES_AGGRESSIVE;
				GCC_WARN_UNUSED_FUNCTION = YES;
				GCC_WARN_UNUSED_VARIABLE = YES;
				LOCALIZATION_PREFERS_STRING_CATALOGS = YES;
				MACOSX_DEPLOYMENT_TARGET = 14.4;
				MTL_ENABLE_DEBUG_INFO = INCLUDE_SOURCE;
				MTL_FAST_MATH = YES;
				ONLY_ACTIVE_ARCH = YES;
				SDKROOT = macosx;
			};
			name = Debug;
		};
		257C728E2C3AE9F80031CCFD /* Release */ = {
			isa = XCBuildConfiguration;
			buildSettings = {
				ALWAYS_SEARCH_USER_PATHS = NO;
				ASSETCATALOG_COMPILER_GENERATE_SWIFT_ASSET_SYMBOL_EXTENSIONS = YES;
				CLANG_ANALYZER_NONNULL = YES;
				CLANG_ANALYZER_NUMBER_OBJECT_CONVERSION = YES_AGGRESSIVE;
				CLANG_CXX_LANGUAGE_STANDARD = "gnu++20";
				CLANG_ENABLE_MODULES = YES;
				CLANG_ENABLE_OBJC_ARC = YES;
				CLANG_ENABLE_OBJC_WEAK = YES;
				CLANG_WARN_BLOCK_CAPTURE_AUTORELEASING = YES;
				CLANG_WARN_BOOL_CONVERSION = YES;
				CLANG_WARN_COMMA = YES;
				CLANG_WARN_CONSTANT_CONVERSION = YES;
				CLANG_WARN_DEPRECATED_OBJC_IMPLEMENTATIONS = YES;
				CLANG_WARN_DIRECT_OBJC_ISA_USAGE = YES_ERROR;
				CLANG_WARN_DOCUMENTATION_COMMENTS = YES;
				CLANG_WARN_EMPTY_BODY = YES;
				CLANG_WARN_ENUM_CONVERSION = YES;
				CLANG_WARN_INFINITE_RECURSION = YES;
				CLANG_WARN_INT_CONVERSION = YES;
				CLANG_WARN_NON_LITERAL_NULL_CONVERSION = YES;
				CLANG_WARN_OBJC_IMPLICIT_RETAIN_SELF = YES;
				CLANG_WARN_OBJC_LITERAL_CONVERSION = YES;
				CLANG_WARN_OBJC_ROOT_CLASS = YES_ERROR;
				CLANG_WARN_QUOTED_INCLUDE_IN_FRAMEWORK_HEADER = YES;
				CLANG_WARN_RANGE_LOOP_ANALYSIS = YES;
				CLANG_WARN_STRICT_PROTOTYPES = YES;
				CLANG_WARN_SUSPICIOUS_MOVE = YES;
				CLANG_WARN_UNGUARDED_AVAILABILITY = YES_AGGRESSIVE;
				CLANG_WARN_UNREACHABLE_CODE = YES;
				CLANG_WARN__DUPLICATE_METHOD_MATCH = YES;
				COPY_PHASE_STRIP = NO;
				DEBUG_INFORMATION_FORMAT = "dwarf-with-dsym";
				ENABLE_NS_ASSERTIONS = NO;
				ENABLE_STRICT_OBJC_MSGSEND = YES;
				ENABLE_USER_SCRIPT_SANDBOXING = YES;
				GCC_C_LANGUAGE_STANDARD = gnu17;
				GCC_NO_COMMON_BLOCKS = YES;
				GCC_WARN_64_TO_32_BIT_CONVERSION = YES;
				GCC_WARN_ABOUT_RETURN_TYPE = YES_ERROR;
				GCC_WARN_UNDECLARED_SELECTOR = YES;
				GCC_WARN_UNINITIALIZED_AUTOS = YES_AGGRESSIVE;
				GCC_WARN_UNUSED_FUNCTION = YES;
				GCC_WARN_UNUSED_VARIABLE = YES;
				LOCALIZATION_PREFERS_STRING_CATALOGS = YES;
				MACOSX_DEPLOYMENT_TARGET = 14.4;
				MTL_ENABLE_DEBUG_INFO = NO;
				MTL_FAST_MATH = YES;
				SDKROOT = macosx;
			};
			name = Release;
		};
		257C72902C3AE9F80031CCFD /* Debug */ = {
			isa = XCBuildConfiguration;
			buildSettings = {
				CODE_SIGN_STYLE = Automatic;
				PRODUCT_NAME = "$(TARGET_NAME)";
			};
			name = Debug;
		};
		257C72912C3AE9F80031CCFD /* Release */ = {
			isa = XCBuildConfiguration;
			buildSettings = {
				CODE_SIGN_STYLE = Automatic;
				PRODUCT_NAME = "$(TARGET_NAME)";
			};
			name = Release;
		};
/* End XCBuildConfiguration section */

/* Begin XCConfigurationList section */
		257C72832C3AE9F80031CCFD /* Build configuration list for PBXProject "MetalGPGPU" */ = {
			isa = XCConfigurationList;
			buildConfigurations = (
				257C728D2C3AE9F80031CCFD /* Debug */,
				257C728E2C3AE9F80031CCFD /* Release */,
			);
			defaultConfigurationIsVisible = 0;
			defaultConfigurationName = Release;
		};
		257C728F2C3AE9F80031CCFD /* Build configuration list for PBXNativeTarget "MetalGPGPU" */ = {
			isa = XCConfigurationList;
			buildConfigurations = (
				257C72902C3AE9F80031CCFD /* Debug */,
				257C72912C3AE9F80031CCFD /* Release */,
			);
			defaultConfigurationIsVisible = 0;
			defaultConfigurationName = Release;
		};
/* End XCConfigurationList section */
	};
	rootObject = 257C72802C3AE9F80031CCFD /* Project object */;
}
